// !$*UTF8*$!
{
	archiveVersion = 1;
	classes = {
	};
	objectVersion = 46;
	objects = {

/* Begin PBXBuildFile section */
		E4B878101D044817004099CF /* main.m in Sources */ = {isa = PBXBuildFile; fileRef = E4B8780F1D044817004099CF /* main.m */; };
		E4B878131D044817004099CF /* AppDelegate.m in Sources */ = {isa = PBXBuildFile; fileRef = E4B878121D044817004099CF /* AppDelegate.m */; };
		E4B878161D044817004099CF /* ViewController.m in Sources */ = {isa = PBXBuildFile; fileRef = E4B878151D044817004099CF /* ViewController.m */; };
		E4B878191D044817004099CF /* Main.storyboard in Resources */ = {isa = PBXBuildFile; fileRef = E4B878171D044817004099CF /* Main.storyboard */; };
		E4B8781B1D044817004099CF /* Assets.xcassets in Resources */ = {isa = PBXBuildFile; fileRef = E4B8781A1D044817004099CF /* Assets.xcassets */; };
		E4B8781E1D044817004099CF /* LaunchScreen.storyboard in Resources */ = {isa = PBXBuildFile; fileRef = E4B8781C1D044817004099CF /* LaunchScreen.storyboard */; };
		E4B878261D044986004099CF /* data.plist in Resources */ = {isa = PBXBuildFile; fileRef = E4B878251D044986004099CF /* data.plist */; };
		E4B878291D044D37004099CF /* Kobe.m in Sources */ = {isa = PBXBuildFile; fileRef = E4B878281D044D37004099CF /* Kobe.m */; };
		E4B8782D1D04538F004099CF /* KBCell.m in Sources */ = {isa = PBXBuildFile; fileRef = E4B8782B1D04538F004099CF /* KBCell.m */; };
		E4B8782E1D04538F004099CF /* KBCell.xib in Resources */ = {isa = PBXBuildFile; fileRef = E4B8782C1D04538F004099CF /* KBCell.xib */; };
		E4B878311D045DC7004099CF /* UIView+LBExtension.m in Sources */ = {isa = PBXBuildFile; fileRef = E4B878301D045DC7004099CF /* UIView+LBExtension.m */; };
/* End PBXBuildFile section */

/* Begin PBXFileReference section */
		E4B8780B1D044817004099CF /* RefreshTest.app */ = {isa = PBXFileReference; explicitFileType = wrapper.application; includeInIndex = 0; path = RefreshTest.app; sourceTree = BUILT_PRODUCTS_DIR; };
		E4B8780F1D044817004099CF /* main.m */ = {isa = PBXFileReference; lastKnownFileType = sourcecode.c.objc; path = main.m; sourceTree = "<group>"; };
		E4B878111D044817004099CF /* AppDelegate.h */ = {isa = PBXFileReference; lastKnownFileType = sourcecode.c.h; path = AppDelegate.h; sourceTree = "<group>"; };
		E4B878121D044817004099CF /* AppDelegate.m */ = {isa = PBXFileReference; lastKnownFileType = sourcecode.c.objc; path = AppDelegate.m; sourceTree = "<group>"; };
		E4B878141D044817004099CF /* ViewController.h */ = {isa = PBXFileReference; lastKnownFileType = sourcecode.c.h; path = ViewController.h; sourceTree = "<group>"; };
		E4B878151D044817004099CF /* ViewController.m */ = {isa = PBXFileReference; lastKnownFileType = sourcecode.c.objc; path = ViewController.m; sourceTree = "<group>"; };
		E4B878181D044817004099CF /* Base */ = {isa = PBXFileReference; lastKnownFileType = file.storyboard; name = Base; path = Base.lproj/Main.storyboard; sourceTree = "<group>"; };
		E4B8781A1D044817004099CF /* Assets.xcassets */ = {isa = PBXFileReference; lastKnownFileType = folder.assetcatalog; path = Assets.xcassets; sourceTree = "<group>"; };
		E4B8781D1D044817004099CF /* Base */ = {isa = PBXFileReference; lastKnownFileType = file.storyboard; name = Base; path = Base.lproj/LaunchScreen.storyboard; sourceTree = "<group>"; };
		E4B8781F1D044817004099CF /* Info.plist */ = {isa = PBXFileReference; lastKnownFileType = text.plist.xml; path = Info.plist; sourceTree = "<group>"; };
		E4B878251D044986004099CF /* data.plist */ = {isa = PBXFileReference; fileEncoding = 4; lastKnownFileType = text.plist.xml; path = data.plist; sourceTree = "<group>"; };
		E4B878271D044D37004099CF /* Kobe.h */ = {isa = PBXFileReference; fileEncoding = 4; lastKnownFileType = sourcecode.c.h; path = Kobe.h; sourceTree = "<group>"; };
		E4B878281D044D37004099CF /* Kobe.m */ = {isa = PBXFileReference; fileEncoding = 4; lastKnownFileType = sourcecode.c.objc; path = Kobe.m; sourceTree = "<group>"; };
		E4B8782A1D04538F004099CF /* KBCell.h */ = {isa = PBXFileReference; fileEncoding = 4; lastKnownFileType = sourcecode.c.h; path = KBCell.h; sourceTree = "<group>"; };
		E4B8782B1D04538F004099CF /* KBCell.m */ = {isa = PBXFileReference; fileEncoding = 4; lastKnownFileType = sourcecode.c.objc; path = KBCell.m; sourceTree = "<group>"; };
		E4B8782C1D04538F004099CF /* KBCell.xib */ = {isa = PBXFileReference; fileEncoding = 4; lastKnownFileType = file.xib; path = KBCell.xib; sourceTree = "<group>"; };
		E4B8782F1D045DC7004099CF /* UIView+LBExtension.h */ = {isa = PBXFileReference; fileEncoding = 4; lastKnownFileType = sourcecode.c.h; path = "UIView+LBExtension.h"; sourceTree = "<group>"; };
		E4B878301D045DC7004099CF /* UIView+LBExtension.m */ = {isa = PBXFileReference; fileEncoding = 4; lastKnownFileType = sourcecode.c.objc; path = "UIView+LBExtension.m"; sourceTree = "<group>"; };
/* End PBXFileReference section */

/* Begin PBXFrameworksBuildPhase section */
		E4B878081D044817004099CF /* Frameworks */ = {
			isa = PBXFrameworksBuildPhase;
			buildActionMask = 2147483647;
			files = (
			);
			runOnlyForDeploymentPostprocessing = 0;
		};
/* End PBXFrameworksBuildPhase section */

/* Begin PBXGroup section */
		E4B878021D044817004099CF = {
			isa = PBXGroup;
			children = (
				E4B8780D1D044817004099CF /* RefreshTest */,
				E4B8780C1D044817004099CF /* Products */,
			);
			sourceTree = "<group>";
		};
		E4B8780C1D044817004099CF /* Products */ = {
			isa = PBXGroup;
			children = (
				E4B8780B1D044817004099CF /* RefreshTest.app */,
			);
			name = Products;
			sourceTree = "<group>";
		};
		E4B8780D1D044817004099CF /* RefreshTest */ = {
			isa = PBXGroup;
			children = (
				E4B878271D044D37004099CF /* Kobe.h */,
				E4B878281D044D37004099CF /* Kobe.m */,
				E4B8782A1D04538F004099CF /* KBCell.h */,
				E4B8782B1D04538F004099CF /* KBCell.m */,
				E4B8782C1D04538F004099CF /* KBCell.xib */,
				E4B878141D044817004099CF /* ViewController.h */,
				E4B878151D044817004099CF /* ViewController.m */,
				E4B8780E1D044817004099CF /* Supporting Files */,
				E4B878251D044986004099CF /* data.plist */,
			);
			path = RefreshTest;
			sourceTree = "<group>";
		};
		E4B8780E1D044817004099CF /* Supporting Files */ = {
			isa = PBXGroup;
			children = (
				E4B878171D044817004099CF /* Main.storyboard */,
				E4B8781A1D044817004099CF /* Assets.xcassets */,
				E4B8781C1D044817004099CF /* LaunchScreen.storyboard */,
				E4B8781F1D044817004099CF /* Info.plist */,
				E4B8780F1D044817004099CF /* main.m */,
				E4B878111D044817004099CF /* AppDelegate.h */,
				E4B878121D044817004099CF /* AppDelegate.m */,
				E4B8782F1D045DC7004099CF /* UIView+LBExtension.h */,
				E4B878301D045DC7004099CF /* UIView+LBExtension.m */,
			);
			name = "Supporting Files";
			sourceTree = "<group>";
		};
/* End PBXGroup section */

/* Begin PBXNativeTarget section */
		E4B8780A1D044817004099CF /* RefreshTest */ = {
			isa = PBXNativeTarget;
			buildConfigurationList = E4B878221D044817004099CF /* Build configuration list for PBXNativeTarget "RefreshTest" */;
			buildPhases = (
				E4B878071D044817004099CF /* Sources */,
				E4B878081D044817004099CF /* Frameworks */,
				E4B878091D044817004099CF /* Resources */,
			);
			buildRules = (
			);
			dependencies = (
			);
			name = RefreshTest;
			productName = RefreshTest;
			productReference = E4B8780B1D044817004099CF /* RefreshTest.app */;
			productType = "com.apple.product-type.application";
		};
/* End PBXNativeTarget section */

/* Begin PBXProject section */
		E4B878031D044817004099CF /* Project object */ = {
			isa = PBXProject;
			attributes = {
				LastUpgradeCheck = 0720;
				ORGANIZATIONNAME = "li  bo";
				TargetAttributes = {
					E4B8780A1D044817004099CF = {
						CreatedOnToolsVersion = 7.2.1;
						DevelopmentTeam = UEYG6Q357W;
					};
				};
			};
			buildConfigurationList = E4B878061D044817004099CF /* Build configuration list for PBXProject "RefreshTest" */;
			compatibilityVersion = "Xcode 3.2";
			developmentRegion = English;
			hasScannedForEncodings = 0;
			knownRegions = (
				en,
				Base,
			);
			mainGroup = E4B878021D044817004099CF;
			productRefGroup = E4B8780C1D044817004099CF /* Products */;
			projectDirPath = "";
			projectRoot = "";
			targets = (
				E4B8780A1D044817004099CF /* RefreshTest */,
			);
		};
/* End PBXProject section */

/* Begin PBXResourcesBuildPhase section */
		E4B878091D044817004099CF /* Resources */ = {
			isa = PBXResourcesBuildPhase;
			buildActionMask = 2147483647;
			files = (
				E4B8782E1D04538F004099CF /* KBCell.xib in Resources */,
				E4B8781E1D044817004099CF /* LaunchScreen.storyboard in Resources */,
				E4B8781B1D044817004099CF /* Assets.xcassets in Resources */,
				E4B878261D044986004099CF /* data.plist in Resources */,
				E4B878191D044817004099CF /* Main.storyboard in Resources */,
			);
			runOnlyForDeploymentPostprocessing = 0;
		};
/* End PBXResourcesBuildPhase section */

/* Begin PBXSourcesBuildPhase section */
		E4B878071D044817004099CF /* Sources */ = {
			isa = PBXSourcesBuildPhase;
			buildActionMask = 2147483647;
			files = (
				E4B878311D045DC7004099CF /* UIView+LBExtension.m in Sources */,
				E4B878161D044817004099CF /* ViewController.m in Sources */,
				E4B878131D044817004099CF /* AppDelegate.m in Sources */,
				E4B878291D044D37004099CF /* Kobe.m in Sources */,
				E4B8782D1D04538F004099CF /* KBCell.m in Sources */,
				E4B878101D044817004099CF /* main.m in Sources */,
			);
			runOnlyForDeploymentPostprocessing = 0;
		};
/* End PBXSourcesBuildPhase section */

/* Begin PBXVariantGroup section */
		E4B878171D044817004099CF /* Main.storyboard */ = {
			isa = PBXVariantGroup;
			children = (
				E4B878181D044817004099CF /* Base */,
			);
			name = Main.storyboard;
			sourceTree = "<group>";
		};
		E4B8781C1D044817004099CF /* LaunchScreen.storyboard */ = {
			isa = PBXVariantGroup;
			children = (
				E4B8781D1D044817004099CF /* Base */,
			);
			name = LaunchScreen.storyboard;
			sourceTree = "<group>";
		};
/* End PBXVariantGroup section */

/* Begin XCBuildConfiguration section */
		E4B878201D044817004099CF /* Debug */ = {
			isa = XCBuildConfiguration;
			buildSettings = {
				ALWAYS_SEARCH_USER_PATHS = NO;
				CLANG_CXX_LANGUAGE_STANDARD = "gnu++0x";
				CLANG_CXX_LIBRARY = "libc++";
				CLANG_ENABLE_MODULES = YES;
				CLANG_ENABLE_OBJC_ARC = YES;
				CLANG_WARN_BOOL_CONVERSION = YES;
				CLANG_WARN_CONSTANT_CONVERSION = YES;
				CLANG_WARN_DIRECT_OBJC_ISA_USAGE = YES_ERROR;
				CLANG_WARN_EMPTY_BODY = YES;
				CLANG_WARN_ENUM_CONVERSION = YES;
				CLANG_WARN_INT_CONVERSION = YES;
				CLANG_WARN_OBJC_ROOT_CLASS = YES_ERROR;
				CLANG_WARN_UNREACHABLE_CODE = YES;
				CLANG_WARN__DUPLICATE_METHOD_MATCH = YES;
				"CODE_SIGN_IDENTITY[sdk=iphoneos*]" = "iPhone Developer";
				COPY_PHASE_STRIP = NO;
				DEBUG_INFORMATION_FORMAT = dwarf;
				ENABLE_STRICT_OBJC_MSGSEND = YES;
				ENABLE_TESTABILITY = YES;
				GCC_C_LANGUAGE_STANDARD = gnu99;
				GCC_DYNAMIC_NO_PIC = NO;
				GCC_NO_COMMON_BLOCKS = YES;
				GCC_OPTIMIZATION_LEVEL = 0;
				GCC_PREPROCESSOR_DEFINITIONS = (
					"DEBUG=1",
					"$(inherited)",
				);
				GCC_WARN_64_TO_32_BIT_CONVERSION = YES;
				GCC_WARN_ABOUT_RETURN_TYPE = YES_ERROR;
				GCC_WARN_UNDECLARED_SELECTOR = YES;
				GCC_WARN_UNINITIALIZED_AUTOS = YES_AGGRESSIVE;
				GCC_WARN_UNUSED_FUNCTION = YES;
				GCC_WARN_UNUSED_VARIABLE = YES;
				IPHONEOS_DEPLOYMENT_TARGET = 9.2;
				MTL_ENABLE_DEBUG_INFO = YES;
				ONLY_ACTIVE_ARCH = YES;
				SDKROOT = iphoneos;
			};
			name = Debug;
		};
		E4B878211D044817004099CF /* Release */ = {
			isa = XCBuildConfiguration;
			buildSettings = {
				ALWAYS_SEARCH_USER_PATHS = NO;
				CLANG_CXX_LANGUAGE_STANDARD = "gnu++0x";
				CLANG_CXX_LIBRARY = "libc++";
				CLANG_ENABLE_MODULES = YES;
				CLANG_ENABLE_OBJC_ARC = YES;
				CLANG_WARN_BOOL_CONVERSION = YES;
				CLANG_WARN_CONSTANT_CONVERSION = YES;
				CLANG_WARN_DIRECT_OBJC_ISA_USAGE = YES_ERROR;
				CLANG_WARN_EMPTY_BODY = YES;
				CLANG_WARN_ENUM_CONVERSION = YES;
				CLANG_WARN_INT_CONVERSION = YES;
				CLANG_WARN_OBJC_ROOT_CLASS = YES_ERROR;
				CLANG_WARN_UNREACHABLE_CODE = YES;
				CLANG_WARN__DUPLICATE_METHOD_MATCH = YES;
				"CODE_SIGN_IDENTITY[sdk=iphoneos*]" = "iPhone Developer";
				COPY_PHASE_STRIP = NO;
				DEBUG_INFORMATION_FORMAT = "dwarf-with-dsym";
				ENABLE_NS_ASSERTIONS = NO;
				ENABLE_STRICT_OBJC_MSGSEND = YES;
				GCC_C_LANGUAGE_STANDARD = gnu99;
				GCC_NO_COMMON_BLOCKS = YES;
				GCC_WARN_64_TO_32_BIT_CONVERSION = YES;
				GCC_WARN_ABOUT_RETURN_TYPE = YES_ERROR;
				GCC_WARN_UNDECLARED_SELECTOR = YES;
				GCC_WARN_UNINITIALIZED_AUTOS = YES_AGGRESSIVE;
				GCC_WARN_UNUSED_FUNCTION = YES;
				GCC_WARN_UNUSED_VARIABLE = YES;
				IPHONEOS_DEPLOYMENT_TARGET = 9.2;
				MTL_ENABLE_DEBUG_INFO = NO;
				SDKROOT = iphoneos;
				VALIDATE_PRODUCT = YES;
			};
			name = Release;
		};
		E4B878231D044817004099CF /* Debug */ = {
			isa = XCBuildConfiguration;
			buildSettings = {
				ASSETCATALOG_COMPILER_APPICON_NAME = AppIcon;
				INFOPLIST_FILE = RefreshTest/Info.plist;
				LD_RUNPATH_SEARCH_PATHS = "$(inherited) @executable_path/Frameworks";
				PRODUCT_BUNDLE_IDENTIFIER = it.com.RefreshTest;
				PRODUCT_NAME = "$(TARGET_NAME)";
			};
			name = Debug;
		};
		E4B878241D044817004099CF /* Release */ = {
			isa = XCBuildConfiguration;
			buildSettings = {
				ASSETCATALOG_COMPILER_APPICON_NAME = AppIcon;
				INFOPLIST_FILE = RefreshTest/Info.plist;
				LD_RUNPATH_SEARCH_PATHS = "$(inherited) @executable_path/Frameworks";
				PRODUCT_BUNDLE_IDENTIFIER = it.com.RefreshTest;
				PRODUCT_NAME = "$(TARGET_NAME)";
			};
			name = Release;
		};
/* End XCBuildConfiguration section */

/* Begin XCConfigurationList section */
		E4B878061D044817004099CF /* Build configuration list for PBXProject "RefreshTest" */ = {
			isa = XCConfigurationList;
			buildConfigurations = (
				E4B878201D044817004099CF /* Debug */,
				E4B878211D044817004099CF /* Release */,
			);
			defaultConfigurationIsVisible = 0;
			defaultConfigurationName = Release;
		};
		E4B878221D044817004099CF /* Build configuration list for PBXNativeTarget "RefreshTest" */ = {
			isa = XCConfigurationList;
			buildConfigurations = (
				E4B878231D044817004099CF /* Debug */,
				E4B878241D044817004099CF /* Release */,
			);
			defaultConfigurationIsVisible = 0;
		};
/* End XCConfigurationList section */
	};
	rootObject = E4B878031D044817004099CF /* Project object */;
}
